{
    "_meta": {
        "hash": {
            "sha256": "fc2998a1cc8e92321a0ed10a6ac8f1198b744c2c8a334e3cd9a463ae08d5b850"
        },
        "pipfile-spec": 6,
        "requires": {
            "python_version": "3.9.1"
        },
        "sources": [
            {
                "name": "pypi",
                "url": "https://pypi.org/simple",
                "verify_ssl": true
            }
        ]
    },
    "default": {
        "utils": {
            "editable": true,
            "path": "/home/jkwiatkowski/Documents/Projects/utils"
        }
    },
    "develop": {}
}
